
Microsoft Visual Studio Solution File, Format Version 12.00
# Visual Studio Version 17
VisualStudioVersion = 17.2.32630.192
MinimumVisualStudioVersion = 10.0.40219.1
Project("{FAE04EC0-301F-11D3-BF4B-00C04F79EFBC}") = "WinFormsAppTesteTryCatch", "WinFormsAppTesteTryCatch.csproj", "{CF99D07D-2503-4892-82C1-F1C46BD2F153}"
EndProject
Global
	GlobalSection(SolutionConfigurationPlatforms) = preSolution
		Debug|Any CPU = Debug|Any CPU
		Release|Any CPU = Release|Any CPU
	EndGlobalSection
	GlobalSection(ProjectConfigurationPlatforms) = postSolution
		{CF99D07D-2503-4892-82C1-F1C46BD2F153}.Debug|Any CPU.ActiveCfg = Debug|Any CPU
		{CF99D07D-2503-4892-82C1-F1C46BD2F153}.Debug|Any CPU.Build.0 = Debug|Any CPU
		{CF99D07D-2503-4892-82C1-F1C46BD2F153}.Release|Any CPU.ActiveCfg = Release|Any CPU
		{CF99D07D-2503-4892-82C1-F1C46BD2F153}.Release|Any CPU.Build.0 = Release|Any CPU
	EndGlobalSection
	GlobalSection(SolutionProperties) = preSolution
		HideSolutionNode = FALSE
	EndGlobalSection
	GlobalSection(ExtensibilityGlobals) = postSolution
		SolutionGuid = {6DDEEFDB-DE1A-48A1-B043-36918346FC7A}
	EndGlobalSection
EndGlobal
